// !$*UTF8*$!
{
	archiveVersion = 1;
	classes = {
	};
	objectVersion = 50;
	objects = {

/* Begin PBXBuildFile section */
		AF22525424E2948900CA9457 /* MoneyModal.swift in Sources */ = {isa = PBXBuildFile; fileRef = AF22525324E2948900CA9457 /* MoneyModal.swift */; };
		AF22525524E2948900CA9457 /* MoneyModal.swift in Sources */ = {isa = PBXBuildFile; fileRef = AF22525324E2948900CA9457 /* MoneyModal.swift */; };
		AF22525724E29B6600CA9457 /* VisualEffectBlur.swift in Sources */ = {isa = PBXBuildFile; fileRef = AF22525624E29B6600CA9457 /* VisualEffectBlur.swift */; };
		AF22525924E29B7000CA9457 /* VisualEffectBlur.swift in Sources */ = {isa = PBXBuildFile; fileRef = AF22525824E29B7000CA9457 /* VisualEffectBlur.swift */; };
		AF22525B24E29CF600CA9457 /* Transaction.swift in Sources */ = {isa = PBXBuildFile; fileRef = AF22525A24E29CF600CA9457 /* Transaction.swift */; };
		AF22525C24E29CF600CA9457 /* Transaction.swift in Sources */ = {isa = PBXBuildFile; fileRef = AF22525A24E29CF600CA9457 /* Transaction.swift */; };
		AFEA3F1A24E1DBA800B9BE47 /* RoundImage.swift in Sources */ = {isa = PBXBuildFile; fileRef = AFEA3F1924E1DBA800B9BE47 /* RoundImage.swift */; };
		AFEA3F1B24E1DBAD00B9BE47 /* RoundImage.swift in Sources */ = {isa = PBXBuildFile; fileRef = AFEA3F1924E1DBA800B9BE47 /* RoundImage.swift */; };
		AFEA3F1C24E1E16A00B9BE47 /* MainListItem.swift in Sources */ = {isa = PBXBuildFile; fileRef = AFF1923B24E1D68200596753 /* MainListItem.swift */; };
		AFEA3F1E24E1E8A300B9BE47 /* RoundButton.swift in Sources */ = {isa = PBXBuildFile; fileRef = AFEA3F1D24E1E8A300B9BE47 /* RoundButton.swift */; };
		AFEA3F1F24E1E8A300B9BE47 /* RoundButton.swift in Sources */ = {isa = PBXBuildFile; fileRef = AFEA3F1D24E1E8A300B9BE47 /* RoundButton.swift */; };
		AFEA3F2324E1ED9100B9BE47 /* TabBar.swift in Sources */ = {isa = PBXBuildFile; fileRef = AFEA3F2224E1ED9100B9BE47 /* TabBar.swift */; };
		AFEA3F2424E1ED9100B9BE47 /* TabBar.swift in Sources */ = {isa = PBXBuildFile; fileRef = AFEA3F2224E1ED9100B9BE47 /* TabBar.swift */; };
		AFEA3F2624E1EF5900B9BE47 /* ActionButtons.swift in Sources */ = {isa = PBXBuildFile; fileRef = AFEA3F2524E1EF5900B9BE47 /* ActionButtons.swift */; };
		AFEA3F2724E1EF5900B9BE47 /* ActionButtons.swift in Sources */ = {isa = PBXBuildFile; fileRef = AFEA3F2524E1EF5900B9BE47 /* ActionButtons.swift */; };
		AFEA3F2924E1EFF700B9BE47 /* Sidebar.swift in Sources */ = {isa = PBXBuildFile; fileRef = AFEA3F2824E1EFF700B9BE47 /* Sidebar.swift */; };
		AFEA3F2A24E1EFF700B9BE47 /* Sidebar.swift in Sources */ = {isa = PBXBuildFile; fileRef = AFEA3F2824E1EFF700B9BE47 /* Sidebar.swift */; };
		AFEA3F2C24E1F05200B9BE47 /* NavigationContent.swift in Sources */ = {isa = PBXBuildFile; fileRef = AFEA3F2B24E1F05200B9BE47 /* NavigationContent.swift */; };
		AFEA3F2D24E1F05200B9BE47 /* NavigationContent.swift in Sources */ = {isa = PBXBuildFile; fileRef = AFEA3F2B24E1F05200B9BE47 /* NavigationContent.swift */; };
		AFEA3F2F24E2921300B9BE47 /* Navigation.swift in Sources */ = {isa = PBXBuildFile; fileRef = AFEA3F2E24E2921300B9BE47 /* Navigation.swift */; };
		AFEA3F3024E2921300B9BE47 /* Navigation.swift in Sources */ = {isa = PBXBuildFile; fileRef = AFEA3F2E24E2921300B9BE47 /* Navigation.swift */; };
		AFF1922B24E1CF6100596753 /* Vipps_CloneApp.swift in Sources */ = {isa = PBXBuildFile; fileRef = AFF1921824E1CF5E00596753 /* Vipps_CloneApp.swift */; };
		AFF1922C24E1CF6100596753 /* Vipps_CloneApp.swift in Sources */ = {isa = PBXBuildFile; fileRef = AFF1921824E1CF5E00596753 /* Vipps_CloneApp.swift */; };
		AFF1922D24E1CF6100596753 /* HomeView.swift in Sources */ = {isa = PBXBuildFile; fileRef = AFF1921924E1CF5E00596753 /* HomeView.swift */; };
		AFF1922E24E1CF6100596753 /* HomeView.swift in Sources */ = {isa = PBXBuildFile; fileRef = AFF1921924E1CF5E00596753 /* HomeView.swift */; };
		AFF1922F24E1CF6100596753 /* Assets.xcassets in Resources */ = {isa = PBXBuildFile; fileRef = AFF1921A24E1CF6100596753 /* Assets.xcassets */; };
		AFF1923024E1CF6100596753 /* Assets.xcassets in Resources */ = {isa = PBXBuildFile; fileRef = AFF1921A24E1CF6100596753 /* Assets.xcassets */; };
		AFF1923C24E1D68200596753 /* MainListItem.swift in Sources */ = {isa = PBXBuildFile; fileRef = AFF1923B24E1D68200596753 /* MainListItem.swift */; };
		AFF1923E24E1D82A00596753 /* Libraryswift.swift in Sources */ = {isa = PBXBuildFile; fileRef = AFF1923D24E1D82A00596753 /* Libraryswift.swift */; };
		AFF1923F24E1D82A00596753 /* Libraryswift.swift in Sources */ = {isa = PBXBuildFile; fileRef = AFF1923D24E1D82A00596753 /* Libraryswift.swift */; };
/* End PBXBuildFile section */

/* Begin PBXFileReference section */
		AF22525324E2948900CA9457 /* MoneyModal.swift */ = {isa = PBXFileReference; lastKnownFileType = sourcecode.swift; path = MoneyModal.swift; sourceTree = "<group>"; };
		AF22525624E29B6600CA9457 /* VisualEffectBlur.swift */ = {isa = PBXFileReference; fileEncoding = 4; lastKnownFileType = sourcecode.swift; path = VisualEffectBlur.swift; sourceTree = "<group>"; };
		AF22525824E29B7000CA9457 /* VisualEffectBlur.swift */ = {isa = PBXFileReference; fileEncoding = 4; lastKnownFileType = sourcecode.swift; path = VisualEffectBlur.swift; sourceTree = "<group>"; };
		AF22525A24E29CF600CA9457 /* Transaction.swift */ = {isa = PBXFileReference; lastKnownFileType = sourcecode.swift; path = Transaction.swift; sourceTree = "<group>"; };
		AFEA3F1924E1DBA800B9BE47 /* RoundImage.swift */ = {isa = PBXFileReference; lastKnownFileType = sourcecode.swift; path = RoundImage.swift; sourceTree = "<group>"; };
		AFEA3F1D24E1E8A300B9BE47 /* RoundButton.swift */ = {isa = PBXFileReference; lastKnownFileType = sourcecode.swift; path = RoundButton.swift; sourceTree = "<group>"; };
		AFEA3F2224E1ED9100B9BE47 /* TabBar.swift */ = {isa = PBXFileReference; lastKnownFileType = sourcecode.swift; path = TabBar.swift; sourceTree = "<group>"; };
		AFEA3F2524E1EF5900B9BE47 /* ActionButtons.swift */ = {isa = PBXFileReference; lastKnownFileType = sourcecode.swift; path = ActionButtons.swift; sourceTree = "<group>"; };
		AFEA3F2824E1EFF700B9BE47 /* Sidebar.swift */ = {isa = PBXFileReference; lastKnownFileType = sourcecode.swift; path = Sidebar.swift; sourceTree = "<group>"; };
		AFEA3F2B24E1F05200B9BE47 /* NavigationContent.swift */ = {isa = PBXFileReference; lastKnownFileType = sourcecode.swift; path = NavigationContent.swift; sourceTree = "<group>"; };
		AFEA3F2E24E2921300B9BE47 /* Navigation.swift */ = {isa = PBXFileReference; lastKnownFileType = sourcecode.swift; path = Navigation.swift; sourceTree = "<group>"; };
		AFF1921824E1CF5E00596753 /* Vipps_CloneApp.swift */ = {isa = PBXFileReference; lastKnownFileType = sourcecode.swift; path = Vipps_CloneApp.swift; sourceTree = "<group>"; };
		AFF1921924E1CF5E00596753 /* HomeView.swift */ = {isa = PBXFileReference; lastKnownFileType = sourcecode.swift; path = HomeView.swift; sourceTree = "<group>"; };
		AFF1921A24E1CF6100596753 /* Assets.xcassets */ = {isa = PBXFileReference; lastKnownFileType = folder.assetcatalog; path = Assets.xcassets; sourceTree = "<group>"; };
		AFF1921F24E1CF6100596753 /* Vipps Clone.app */ = {isa = PBXFileReference; explicitFileType = wrapper.application; includeInIndex = 0; path = "Vipps Clone.app"; sourceTree = BUILT_PRODUCTS_DIR; };
		AFF1922224E1CF6100596753 /* Info.plist */ = {isa = PBXFileReference; lastKnownFileType = text.plist.xml; path = Info.plist; sourceTree = "<group>"; };
		AFF1922724E1CF6100596753 /* Vipps Clone.app */ = {isa = PBXFileReference; explicitFileType = wrapper.application; includeInIndex = 0; path = "Vipps Clone.app"; sourceTree = BUILT_PRODUCTS_DIR; };
		AFF1922924E1CF6100596753 /* Info.plist */ = {isa = PBXFileReference; lastKnownFileType = text.plist.xml; path = Info.plist; sourceTree = "<group>"; };
		AFF1922A24E1CF6100596753 /* macOS.entitlements */ = {isa = PBXFileReference; lastKnownFileType = text.plist.entitlements; path = macOS.entitlements; sourceTree = "<group>"; };
		AFF1923B24E1D68200596753 /* MainListItem.swift */ = {isa = PBXFileReference; lastKnownFileType = sourcecode.swift; path = MainListItem.swift; sourceTree = "<group>"; };
		AFF1923D24E1D82A00596753 /* Libraryswift.swift */ = {isa = PBXFileReference; lastKnownFileType = sourcecode.swift; path = Libraryswift.swift; sourceTree = "<group>"; };
/* End PBXFileReference section */

/* Begin PBXFrameworksBuildPhase section */
		AFF1921C24E1CF6100596753 /* Frameworks */ = {
			isa = PBXFrameworksBuildPhase;
			buildActionMask = 2147483647;
			files = (
			);
			runOnlyForDeploymentPostprocessing = 0;
		};
		AFF1922424E1CF6100596753 /* Frameworks */ = {
			isa = PBXFrameworksBuildPhase;
			buildActionMask = 2147483647;
			files = (
			);
			runOnlyForDeploymentPostprocessing = 0;
		};
/* End PBXFrameworksBuildPhase section */

/* Begin PBXGroup section */
		AFEA3F2024E1EC8000B9BE47 /* Pages */ = {
			isa = PBXGroup;
			children = (
				AFF1921924E1CF5E00596753 /* HomeView.swift */,
				AF22525324E2948900CA9457 /* MoneyModal.swift */,
			);
			path = Pages;
			sourceTree = "<group>";
		};
		AFEA3F2124E1ED6500B9BE47 /* Navigation */ = {
			isa = PBXGroup;
			children = (
				AFEA3F2224E1ED9100B9BE47 /* TabBar.swift */,
				AFEA3F2824E1EFF700B9BE47 /* Sidebar.swift */,
				AFEA3F2E24E2921300B9BE47 /* Navigation.swift */,
			);
			path = Navigation;
			sourceTree = "<group>";
		};
		AFF1921224E1CF5D00596753 = {
			isa = PBXGroup;
			children = (
				AFF1921724E1CF5E00596753 /* Shared */,
				AFF1922124E1CF6100596753 /* iOS */,
				AFF1922824E1CF6100596753 /* macOS */,
				AFF1922024E1CF6100596753 /* Products */,
			);
			sourceTree = "<group>";
		};
		AFF1921724E1CF5E00596753 /* Shared */ = {
			isa = PBXGroup;
			children = (
				AFEA3F2124E1ED6500B9BE47 /* Navigation */,
				AFEA3F2024E1EC8000B9BE47 /* Pages */,
				AFF1923A24E1D61D00596753 /* Components */,
				AFF1923924E1D61400596753 /* Modell */,
				AFF1924024E1D82F00596753 /* Library */,
				AFF1921824E1CF5E00596753 /* Vipps_CloneApp.swift */,
				AFF1921A24E1CF6100596753 /* Assets.xcassets */,
			);
			path = Shared;
			sourceTree = "<group>";
		};
		AFF1922024E1CF6100596753 /* Products */ = {
			isa = PBXGroup;
			children = (
				AFF1921F24E1CF6100596753 /* Vipps Clone.app */,
				AFF1922724E1CF6100596753 /* Vipps Clone.app */,
			);
			name = Products;
			sourceTree = "<group>";
		};
		AFF1922124E1CF6100596753 /* iOS */ = {
			isa = PBXGroup;
			children = (
				AF22525624E29B6600CA9457 /* VisualEffectBlur.swift */,
				AFF1922224E1CF6100596753 /* Info.plist */,
			);
			path = iOS;
			sourceTree = "<group>";
		};
		AFF1922824E1CF6100596753 /* macOS */ = {
			isa = PBXGroup;
			children = (
				AF22525824E29B7000CA9457 /* VisualEffectBlur.swift */,
				AFF1922924E1CF6100596753 /* Info.plist */,
				AFF1922A24E1CF6100596753 /* macOS.entitlements */,
			);
			path = macOS;
			sourceTree = "<group>";
		};
		AFF1923924E1D61400596753 /* Modell */ = {
			isa = PBXGroup;
			children = (
				AFEA3F2B24E1F05200B9BE47 /* NavigationContent.swift */,
			);
			path = Modell;
			sourceTree = "<group>";
		};
		AFF1923A24E1D61D00596753 /* Components */ = {
			isa = PBXGroup;
			children = (
				AFF1923B24E1D68200596753 /* MainListItem.swift */,
				AFEA3F1924E1DBA800B9BE47 /* RoundImage.swift */,
				AFEA3F1D24E1E8A300B9BE47 /* RoundButton.swift */,
				AFEA3F2524E1EF5900B9BE47 /* ActionButtons.swift */,
				AF22525A24E29CF600CA9457 /* Transaction.swift */,
			);
			path = Components;
			sourceTree = "<group>";
		};
		AFF1924024E1D82F00596753 /* Library */ = {
			isa = PBXGroup;
			children = (
				AFF1923D24E1D82A00596753 /* Libraryswift.swift */,
			);
			path = Library;
			sourceTree = "<group>";
		};
/* End PBXGroup section */

/* Begin PBXNativeTarget section */
		AFF1921E24E1CF6100596753 /* Vipps Clone (iOS) */ = {
			isa = PBXNativeTarget;
			buildConfigurationList = AFF1923324E1CF6100596753 /* Build configuration list for PBXNativeTarget "Vipps Clone (iOS)" */;
			buildPhases = (
				AFF1921B24E1CF6100596753 /* Sources */,
				AFF1921C24E1CF6100596753 /* Frameworks */,
				AFF1921D24E1CF6100596753 /* Resources */,
			);
			buildRules = (
			);
			dependencies = (
			);
			name = "Vipps Clone (iOS)";
			productName = "Vipps Clone (iOS)";
			productReference = AFF1921F24E1CF6100596753 /* Vipps Clone.app */;
			productType = "com.apple.product-type.application";
		};
		AFF1922624E1CF6100596753 /* Vipps Clone (macOS) */ = {
			isa = PBXNativeTarget;
			buildConfigurationList = AFF1923624E1CF6100596753 /* Build configuration list for PBXNativeTarget "Vipps Clone (macOS)" */;
			buildPhases = (
				AFF1922324E1CF6100596753 /* Sources */,
				AFF1922424E1CF6100596753 /* Frameworks */,
				AFF1922524E1CF6100596753 /* Resources */,
			);
			buildRules = (
			);
			dependencies = (
			);
			name = "Vipps Clone (macOS)";
			productName = "Vipps Clone (macOS)";
			productReference = AFF1922724E1CF6100596753 /* Vipps Clone.app */;
			productType = "com.apple.product-type.application";
		};
/* End PBXNativeTarget section */

/* Begin PBXProject section */
		AFF1921324E1CF5D00596753 /* Project object */ = {
			isa = PBXProject;
			attributes = {
				LastSwiftUpdateCheck = 1200;
				LastUpgradeCheck = 1200;
				TargetAttributes = {
					AFF1921E24E1CF6100596753 = {
						CreatedOnToolsVersion = 12.0;
					};
					AFF1922624E1CF6100596753 = {
						CreatedOnToolsVersion = 12.0;
					};
				};
			};
			buildConfigurationList = AFF1921624E1CF5D00596753 /* Build configuration list for PBXProject "Vipps Clone" */;
			compatibilityVersion = "Xcode 9.3";
			developmentRegion = en;
			hasScannedForEncodings = 0;
			knownRegions = (
				en,
				Base,
			);
			mainGroup = AFF1921224E1CF5D00596753;
			productRefGroup = AFF1922024E1CF6100596753 /* Products */;
			projectDirPath = "";
			projectRoot = "";
			targets = (
				AFF1921E24E1CF6100596753 /* Vipps Clone (iOS) */,
				AFF1922624E1CF6100596753 /* Vipps Clone (macOS) */,
			);
		};
/* End PBXProject section */

/* Begin PBXResourcesBuildPhase section */
		AFF1921D24E1CF6100596753 /* Resources */ = {
			isa = PBXResourcesBuildPhase;
			buildActionMask = 2147483647;
			files = (
				AFF1922F24E1CF6100596753 /* Assets.xcassets in Resources */,
			);
			runOnlyForDeploymentPostprocessing = 0;
		};
		AFF1922524E1CF6100596753 /* Resources */ = {
			isa = PBXResourcesBuildPhase;
			buildActionMask = 2147483647;
			files = (
				AFF1923024E1CF6100596753 /* Assets.xcassets in Resources */,
			);
			runOnlyForDeploymentPostprocessing = 0;
		};
/* End PBXResourcesBuildPhase section */

/* Begin PBXSourcesBuildPhase section */
		AFF1921B24E1CF6100596753 /* Sources */ = {
			isa = PBXSourcesBuildPhase;
			buildActionMask = 2147483647;
			files = (
				AF22525B24E29CF600CA9457 /* Transaction.swift in Sources */,
				AFEA3F2324E1ED9100B9BE47 /* TabBar.swift in Sources */,
				AFEA3F1E24E1E8A300B9BE47 /* RoundButton.swift in Sources */,
				AFEA3F1A24E1DBA800B9BE47 /* RoundImage.swift in Sources */,
				AFEA3F2F24E2921300B9BE47 /* Navigation.swift in Sources */,
				AF22525424E2948900CA9457 /* MoneyModal.swift in Sources */,
				AFEA3F2624E1EF5900B9BE47 /* ActionButtons.swift in Sources */,
				AFF1923C24E1D68200596753 /* MainListItem.swift in Sources */,
				AF22525724E29B6600CA9457 /* VisualEffectBlur.swift in Sources */,
				AFF1922D24E1CF6100596753 /* HomeView.swift in Sources */,
				AFF1922B24E1CF6100596753 /* Vipps_CloneApp.swift in Sources */,
				AFEA3F2C24E1F05200B9BE47 /* NavigationContent.swift in Sources */,
				AFEA3F2924E1EFF700B9BE47 /* Sidebar.swift in Sources */,
				AFF1923E24E1D82A00596753 /* Libraryswift.swift in Sources */,
			);
			runOnlyForDeploymentPostprocessing = 0;
		};
		AFF1922324E1CF6100596753 /* Sources */ = {
			isa = PBXSourcesBuildPhase;
			buildActionMask = 2147483647;
			files = (
				AF22525C24E29CF600CA9457 /* Transaction.swift in Sources */,
				AFEA3F2424E1ED9100B9BE47 /* TabBar.swift in Sources */,
				AFEA3F1F24E1E8A300B9BE47 /* RoundButton.swift in Sources */,
				AFF1922E24E1CF6100596753 /* HomeView.swift in Sources */,
				AFEA3F3024E2921300B9BE47 /* Navigation.swift in Sources */,
				AF22525524E2948900CA9457 /* MoneyModal.swift in Sources */,
				AFEA3F2724E1EF5900B9BE47 /* ActionButtons.swift in Sources */,
				AFF1923F24E1D82A00596753 /* Libraryswift.swift in Sources */,
				AF22525924E29B7000CA9457 /* VisualEffectBlur.swift in Sources */,
				AFEA3F1B24E1DBAD00B9BE47 /* RoundImage.swift in Sources */,
				AFF1922C24E1CF6100596753 /* Vipps_CloneApp.swift in Sources */,
				AFEA3F2D24E1F05200B9BE47 /* NavigationContent.swift in Sources */,
				AFEA3F2A24E1EFF700B9BE47 /* Sidebar.swift in Sources */,
				AFEA3F1C24E1E16A00B9BE47 /* MainListItem.swift in Sources */,
			);
			runOnlyForDeploymentPostprocessing = 0;
		};
/* End PBXSourcesBuildPhase section */

/* Begin XCBuildConfiguration section */
		AFF1923124E1CF6100596753 /* Debug */ = {
			isa = XCBuildConfiguration;
			buildSettings = {
				ALWAYS_SEARCH_USER_PATHS = NO;
				CLANG_ANALYZER_NONNULL = YES;
				CLANG_ANALYZER_NUMBER_OBJECT_CONVERSION = YES_AGGRESSIVE;
				CLANG_CXX_LANGUAGE_STANDARD = "gnu++14";
				CLANG_CXX_LIBRARY = "libc++";
				CLANG_ENABLE_MODULES = YES;
				CLANG_ENABLE_OBJC_ARC = YES;
				CLANG_ENABLE_OBJC_WEAK = YES;
				CLANG_WARN_BLOCK_CAPTURE_AUTORELEASING = YES;
				CLANG_WARN_BOOL_CONVERSION = YES;
				CLANG_WARN_COMMA = YES;
				CLANG_WARN_CONSTANT_CONVERSION = YES;
				CLANG_WARN_DEPRECATED_OBJC_IMPLEMENTATIONS = YES;
				CLANG_WARN_DIRECT_OBJC_ISA_USAGE = YES_ERROR;
				CLANG_WARN_DOCUMENTATION_COMMENTS = YES;
				CLANG_WARN_EMPTY_BODY = YES;
				CLANG_WARN_ENUM_CONVERSION = YES;
				CLANG_WARN_INFINITE_RECURSION = YES;
				CLANG_WARN_INT_CONVERSION = YES;
				CLANG_WARN_NON_LITERAL_NULL_CONVERSION = YES;
				CLANG_WARN_OBJC_IMPLICIT_RETAIN_SELF = YES;
				CLANG_WARN_OBJC_LITERAL_CONVERSION = YES;
				CLANG_WARN_OBJC_ROOT_CLASS = YES_ERROR;
				CLANG_WARN_QUOTED_INCLUDE_IN_FRAMEWORK_HEADER = YES;
				CLANG_WARN_RANGE_LOOP_ANALYSIS = YES;
				CLANG_WARN_STRICT_PROTOTYPES = YES;
				CLANG_WARN_SUSPICIOUS_MOVE = YES;
				CLANG_WARN_UNGUARDED_AVAILABILITY = YES_AGGRESSIVE;
				CLANG_WARN_UNREACHABLE_CODE = YES;
				CLANG_WARN__DUPLICATE_METHOD_MATCH = YES;
				COPY_PHASE_STRIP = NO;
				DEBUG_INFORMATION_FORMAT = dwarf;
				ENABLE_STRICT_OBJC_MSGSEND = YES;
				ENABLE_TESTABILITY = YES;
				GCC_C_LANGUAGE_STANDARD = gnu11;
				GCC_DYNAMIC_NO_PIC = NO;
				GCC_NO_COMMON_BLOCKS = YES;
				GCC_OPTIMIZATION_LEVEL = 0;
				GCC_PREPROCESSOR_DEFINITIONS = (
					"DEBUG=1",
					"$(inherited)",
				);
				GCC_WARN_64_TO_32_BIT_CONVERSION = YES;
				GCC_WARN_ABOUT_RETURN_TYPE = YES_ERROR;
				GCC_WARN_UNDECLARED_SELECTOR = YES;
				GCC_WARN_UNINITIALIZED_AUTOS = YES_AGGRESSIVE;
				GCC_WARN_UNUSED_FUNCTION = YES;
				GCC_WARN_UNUSED_VARIABLE = YES;
				MTL_ENABLE_DEBUG_INFO = INCLUDE_SOURCE;
				MTL_FAST_MATH = YES;
				ONLY_ACTIVE_ARCH = YES;
				SWIFT_ACTIVE_COMPILATION_CONDITIONS = DEBUG;
				SWIFT_OPTIMIZATION_LEVEL = "-Onone";
			};
			name = Debug;
		};
		AFF1923224E1CF6100596753 /* Release */ = {
			isa = XCBuildConfiguration;
			buildSettings = {
				ALWAYS_SEARCH_USER_PATHS = NO;
				CLANG_ANALYZER_NONNULL = YES;
				CLANG_ANALYZER_NUMBER_OBJECT_CONVERSION = YES_AGGRESSIVE;
				CLANG_CXX_LANGUAGE_STANDARD = "gnu++14";
				CLANG_CXX_LIBRARY = "libc++";
				CLANG_ENABLE_MODULES = YES;
				CLANG_ENABLE_OBJC_ARC = YES;
				CLANG_ENABLE_OBJC_WEAK = YES;
				CLANG_WARN_BLOCK_CAPTURE_AUTORELEASING = YES;
				CLANG_WARN_BOOL_CONVERSION = YES;
				CLANG_WARN_COMMA = YES;
				CLANG_WARN_CONSTANT_CONVERSION = YES;
				CLANG_WARN_DEPRECATED_OBJC_IMPLEMENTATIONS = YES;
				CLANG_WARN_DIRECT_OBJC_ISA_USAGE = YES_ERROR;
				CLANG_WARN_DOCUMENTATION_COMMENTS = YES;
				CLANG_WARN_EMPTY_BODY = YES;
				CLANG_WARN_ENUM_CONVERSION = YES;
				CLANG_WARN_INFINITE_RECURSION = YES;
				CLANG_WARN_INT_CONVERSION = YES;
				CLANG_WARN_NON_LITERAL_NULL_CONVERSION = YES;
				CLANG_WARN_OBJC_IMPLICIT_RETAIN_SELF = YES;
				CLANG_WARN_OBJC_LITERAL_CONVERSION = YES;
				CLANG_WARN_OBJC_ROOT_CLASS = YES_ERROR;
				CLANG_WARN_QUOTED_INCLUDE_IN_FRAMEWORK_HEADER = YES;
				CLANG_WARN_RANGE_LOOP_ANALYSIS = YES;
				CLANG_WARN_STRICT_PROTOTYPES = YES;
				CLANG_WARN_SUSPICIOUS_MOVE = YES;
				CLANG_WARN_UNGUARDED_AVAILABILITY = YES_AGGRESSIVE;
				CLANG_WARN_UNREACHABLE_CODE = YES;
				CLANG_WARN__DUPLICATE_METHOD_MATCH = YES;
				COPY_PHASE_STRIP = NO;
				DEBUG_INFORMATION_FORMAT = "dwarf-with-dsym";
				ENABLE_NS_ASSERTIONS = NO;
				ENABLE_STRICT_OBJC_MSGSEND = YES;
				GCC_C_LANGUAGE_STANDARD = gnu11;
				GCC_NO_COMMON_BLOCKS = YES;
				GCC_WARN_64_TO_32_BIT_CONVERSION = YES;
				GCC_WARN_ABOUT_RETURN_TYPE = YES_ERROR;
				GCC_WARN_UNDECLARED_SELECTOR = YES;
				GCC_WARN_UNINITIALIZED_AUTOS = YES_AGGRESSIVE;
				GCC_WARN_UNUSED_FUNCTION = YES;
				GCC_WARN_UNUSED_VARIABLE = YES;
				MTL_ENABLE_DEBUG_INFO = NO;
				MTL_FAST_MATH = YES;
				SWIFT_COMPILATION_MODE = wholemodule;
				SWIFT_OPTIMIZATION_LEVEL = "-O";
			};
			name = Release;
		};
		AFF1923424E1CF6100596753 /* Debug */ = {
			isa = XCBuildConfiguration;
			buildSettings = {
				ASSETCATALOG_COMPILER_APPICON_NAME = AppIcon;
				ASSETCATALOG_COMPILER_GLOBAL_ACCENT_COLOR_NAME = AccentColor;
				CODE_SIGN_STYLE = Automatic;
				DEVELOPMENT_TEAM = 8LJBM9LES6;
				ENABLE_PREVIEWS = YES;
				INFOPLIST_FILE = iOS/Info.plist;
				IPHONEOS_DEPLOYMENT_TARGET = 14.0;
				LD_RUNPATH_SEARCH_PATHS = (
					"$(inherited)",
					"@executable_path/Frameworks",
				);
				PRODUCT_BUNDLE_IDENTIFIER = "com.henrik.sandberg.Vipps-Clone";
				PRODUCT_NAME = "Vipps Clone";
				SDKROOT = iphoneos;
				SWIFT_VERSION = 5.0;
				TARGETED_DEVICE_FAMILY = "1,2";
			};
			name = Debug;
		};
		AFF1923524E1CF6100596753 /* Release */ = {
			isa = XCBuildConfiguration;
			buildSettings = {
				ASSETCATALOG_COMPILER_APPICON_NAME = AppIcon;
				ASSETCATALOG_COMPILER_GLOBAL_ACCENT_COLOR_NAME = AccentColor;
				CODE_SIGN_STYLE = Automatic;
				DEVELOPMENT_TEAM = 8LJBM9LES6;
				ENABLE_PREVIEWS = YES;
				INFOPLIST_FILE = iOS/Info.plist;
				IPHONEOS_DEPLOYMENT_TARGET = 14.0;
				LD_RUNPATH_SEARCH_PATHS = (
					"$(inherited)",
					"@executable_path/Frameworks",
				);
				PRODUCT_BUNDLE_IDENTIFIER = "com.henrik.sandberg.Vipps-Clone";
				PRODUCT_NAME = "Vipps Clone";
				SDKROOT = iphoneos;
				SWIFT_VERSION = 5.0;
				TARGETED_DEVICE_FAMILY = "1,2";
				VALIDATE_PRODUCT = YES;
			};
			name = Release;
		};
		AFF1923724E1CF6100596753 /* Debug */ = {
			isa = XCBuildConfiguration;
			buildSettings = {
				ASSETCATALOG_COMPILER_APPICON_NAME = AppIcon;
				ASSETCATALOG_COMPILER_GLOBAL_ACCENT_COLOR_NAME = AccentColor;
				CODE_SIGN_ENTITLEMENTS = macOS/macOS.entitlements;
				CODE_SIGN_STYLE = Automatic;
				COMBINE_HIDPI_IMAGES = YES;
				DEVELOPMENT_TEAM = 8LJBM9LES6;
				ENABLE_HARDENED_RUNTIME = YES;
				ENABLE_PREVIEWS = YES;
				INFOPLIST_FILE = macOS/Info.plist;
				LD_RUNPATH_SEARCH_PATHS = (
					"$(inherited)",
					"@executable_path/../Frameworks",
				);
				MACOSX_DEPLOYMENT_TARGET = 11.0;
				PRODUCT_BUNDLE_IDENTIFIER = "com.henrik.sandberg.Vipps-Clone";
				PRODUCT_NAME = "Vipps Clone";
				SDKROOT = macosx;
				SWIFT_VERSION = 5.0;
			};
			name = Debug;
		};
		AFF1923824E1CF6100596753 /* Release */ = {
			isa = XCBuildConfiguration;
			buildSettings = {
				ASSETCATALOG_COMPILER_APPICON_NAME = AppIcon;
				ASSETCATALOG_COMPILER_GLOBAL_ACCENT_COLOR_NAME = AccentColor;
				CODE_SIGN_ENTITLEMENTS = macOS/macOS.entitlements;
				CODE_SIGN_STYLE = Automatic;
				COMBINE_HIDPI_IMAGES = YES;
				DEVELOPMENT_TEAM = 8LJBM9LES6;
				ENABLE_HARDENED_RUNTIME = YES;
				ENABLE_PREVIEWS = YES;
				INFOPLIST_FILE = macOS/Info.plist;
				LD_RUNPATH_SEARCH_PATHS = (
					"$(inherited)",
					"@executable_path/../Frameworks",
				);
				MACOSX_DEPLOYMENT_TARGET = 11.0;
				PRODUCT_BUNDLE_IDENTIFIER = "com.henrik.sandberg.Vipps-Clone";
				PRODUCT_NAME = "Vipps Clone";
				SDKROOT = macosx;
				SWIFT_VERSION = 5.0;
			};
			name = Release;
		};
/* End XCBuildConfiguration section */

/* Begin XCConfigurationList section */
		AFF1921624E1CF5D00596753 /* Build configuration list for PBXProject "Vipps Clone" */ = {
			isa = XCConfigurationList;
			buildConfigurations = (
				AFF1923124E1CF6100596753 /* Debug */,
				AFF1923224E1CF6100596753 /* Release */,
			);
			defaultConfigurationIsVisible = 0;
			defaultConfigurationName = Release;
		};
		AFF1923324E1CF6100596753 /* Build configuration list for PBXNativeTarget "Vipps Clone (iOS)" */ = {
			isa = XCConfigurationList;
			buildConfigurations = (
				AFF1923424E1CF6100596753 /* Debug */,
				AFF1923524E1CF6100596753 /* Release */,
			);
			defaultConfigurationIsVisible = 0;
			defaultConfigurationName = Release;
		};
		AFF1923624E1CF6100596753 /* Build configuration list for PBXNativeTarget "Vipps Clone (macOS)" */ = {
			isa = XCConfigurationList;
			buildConfigurations = (
				AFF1923724E1CF6100596753 /* Debug */,
				AFF1923824E1CF6100596753 /* Release */,
			);
			defaultConfigurationIsVisible = 0;
			defaultConfigurationName = Release;
		};
/* End XCConfigurationList section */
	};
	rootObject = AFF1921324E1CF5D00596753 /* Project object */;
}
